
Microsoft Visual Studio Solution File, Format Version 12.00
# Visual Studio Version 17
VisualStudioVersion = 17.5.33516.290
MinimumVisualStudioVersion = 10.0.40219.1
Project("{6EC3EE1D-3C4E-46DD-8F32-0CC8E7565705}") = "PowerSeries", "PowerSeries\PowerSeries.fsproj", "{485A13F4-CC60-4620-837C-0C647781F858}"
EndProject
Project("{2150E333-8FDC-42A3-9474-1A3956D46DE8}") = "Solution Items", "Solution Items", "{8C1471BF-323C-44E3-9A02-D7B0BE109E2C}"
	ProjectSection(SolutionItems) = preProject
		LICENSE = LICENSE
		README.md = README.md
	EndProjectSection
EndProject
Project("{6EC3EE1D-3C4E-46DD-8F32-0CC8E7565705}") = "UnitTests", "UnitTests\UnitTests.fsproj", "{E31958EB-C9A0-4739-9409-68D31E03E6C8}"
EndProject
Global
	GlobalSection(SolutionConfigurationPlatforms) = preSolution
		Debug|Any CPU = Debug|Any CPU
		Release|Any CPU = Release|Any CPU
	EndGlobalSection
	GlobalSection(ProjectConfigurationPlatforms) = postSolution
		{485A13F4-CC60-4620-837C-0C647781F858}.Debug|Any CPU.ActiveCfg = Debug|Any CPU
		{485A13F4-CC60-4620-837C-0C647781F858}.Debug|Any CPU.Build.0 = Debug|Any CPU
		{485A13F4-CC60-4620-837C-0C647781F858}.Release|Any CPU.ActiveCfg = Release|Any CPU
		{485A13F4-CC60-4620-837C-0C647781F858}.Release|Any CPU.Build.0 = Release|Any CPU
		{E31958EB-C9A0-4739-9409-68D31E03E6C8}.Debug|Any CPU.ActiveCfg = Debug|Any CPU
		{E31958EB-C9A0-4739-9409-68D31E03E6C8}.Debug|Any CPU.Build.0 = Debug|Any CPU
		{E31958EB-C9A0-4739-9409-68D31E03E6C8}.Release|Any CPU.ActiveCfg = Release|Any CPU
		{E31958EB-C9A0-4739-9409-68D31E03E6C8}.Release|Any CPU.Build.0 = Release|Any CPU
	EndGlobalSection
	GlobalSection(SolutionProperties) = preSolution
		HideSolutionNode = FALSE
	EndGlobalSection
	GlobalSection(ExtensibilityGlobals) = postSolution
		SolutionGuid = {C02BEC0D-A1D2-4C9B-87B6-946354095B04}
	EndGlobalSection
EndGlobal
